
Microsoft Visual Studio Solution File, Format Version 12.00
Project("{FAE04EC0-301F-11D3-BF4B-00C04F79EFBC}") = "API", "API\API.csproj", "{102C8819-2E14-43A2-9AC8-4469D4EAE2D9}"
EndProject
Project("{2150E333-8FDC-42A3-9474-1A3956D46DE8}") = "src", "src", "{34C08804-4396-497C-A254-BC4DF672DE18}"
EndProject
Project("{2150E333-8FDC-42A3-9474-1A3956D46DE8}") = "API", "API", "{1A065ED8-59F8-45F3-ABC3-7B996A4DCAC2}"
EndProject
Project("{2150E333-8FDC-42A3-9474-1A3956D46DE8}") = "Core", "Core", "{426E3D0A-BF36-4C57-A005-826E514D6BCE}"
EndProject
Project("{2150E333-8FDC-42A3-9474-1A3956D46DE8}") = "Infrastructure", "Infrastructure", "{C54DFD83-B6C3-40BC-9522-59773C0DD8EB}"
EndProject
Project("{FAE04EC0-301F-11D3-BF4B-00C04F79EFBC}") = "Application", "Application\Application.csproj", "{6D2E82B0-C719-44C1-96C8-022902BA9169}"
EndProject
Project("{FAE04EC0-301F-11D3-BF4B-00C04F79EFBC}") = "Common", "Common\Common.csproj", "{62109D4A-B6AB-4E6B-B417-D0FD42A6F910}"
EndProject
Project("{FAE04EC0-301F-11D3-BF4B-00C04F79EFBC}") = "Entities", "Entities\Entities.csproj", "{4A8EE9A7-FB41-4316-8ECD-3C12BD0F4EC9}"
EndProject
Project("{FAE04EC0-301F-11D3-BF4B-00C04F79EFBC}") = "Infrastructure", "Infrastructure\Infrastructure.csproj", "{2AA62B82-20E0-457B-82FE-A463D2EC1B01}"
EndProject
Global
	GlobalSection(SolutionConfigurationPlatforms) = preSolution
		Debug|Any CPU = Debug|Any CPU
		Release|Any CPU = Release|Any CPU
	EndGlobalSection
	GlobalSection(ProjectConfigurationPlatforms) = postSolution
		{102C8819-2E14-43A2-9AC8-4469D4EAE2D9}.Debug|Any CPU.ActiveCfg = Debug|Any CPU
		{102C8819-2E14-43A2-9AC8-4469D4EAE2D9}.Debug|Any CPU.Build.0 = Debug|Any CPU
		{102C8819-2E14-43A2-9AC8-4469D4EAE2D9}.Release|Any CPU.ActiveCfg = Release|Any CPU
		{102C8819-2E14-43A2-9AC8-4469D4EAE2D9}.Release|Any CPU.Build.0 = Release|Any CPU
		{6D2E82B0-C719-44C1-96C8-022902BA9169}.Debug|Any CPU.ActiveCfg = Debug|Any CPU
		{6D2E82B0-C719-44C1-96C8-022902BA9169}.Debug|Any CPU.Build.0 = Debug|Any CPU
		{6D2E82B0-C719-44C1-96C8-022902BA9169}.Release|Any CPU.ActiveCfg = Release|Any CPU
		{6D2E82B0-C719-44C1-96C8-022902BA9169}.Release|Any CPU.Build.0 = Release|Any CPU
		{62109D4A-B6AB-4E6B-B417-D0FD42A6F910}.Debug|Any CPU.ActiveCfg = Debug|Any CPU
		{62109D4A-B6AB-4E6B-B417-D0FD42A6F910}.Debug|Any CPU.Build.0 = Debug|Any CPU
		{62109D4A-B6AB-4E6B-B417-D0FD42A6F910}.Release|Any CPU.ActiveCfg = Release|Any CPU
		{62109D4A-B6AB-4E6B-B417-D0FD42A6F910}.Release|Any CPU.Build.0 = Release|Any CPU
		{4A8EE9A7-FB41-4316-8ECD-3C12BD0F4EC9}.Debug|Any CPU.ActiveCfg = Debug|Any CPU
		{4A8EE9A7-FB41-4316-8ECD-3C12BD0F4EC9}.Debug|Any CPU.Build.0 = Debug|Any CPU
		{4A8EE9A7-FB41-4316-8ECD-3C12BD0F4EC9}.Release|Any CPU.ActiveCfg = Release|Any CPU
		{4A8EE9A7-FB41-4316-8ECD-3C12BD0F4EC9}.Release|Any CPU.Build.0 = Release|Any CPU
		{2AA62B82-20E0-457B-82FE-A463D2EC1B01}.Debug|Any CPU.ActiveCfg = Debug|Any CPU
		{2AA62B82-20E0-457B-82FE-A463D2EC1B01}.Debug|Any CPU.Build.0 = Debug|Any CPU
		{2AA62B82-20E0-457B-82FE-A463D2EC1B01}.Release|Any CPU.ActiveCfg = Release|Any CPU
		{2AA62B82-20E0-457B-82FE-A463D2EC1B01}.Release|Any CPU.Build.0 = Release|Any CPU
	EndGlobalSection
	GlobalSection(NestedProjects) = preSolution
		{1A065ED8-59F8-45F3-ABC3-7B996A4DCAC2} = {34C08804-4396-497C-A254-BC4DF672DE18}
		{426E3D0A-BF36-4C57-A005-826E514D6BCE} = {34C08804-4396-497C-A254-BC4DF672DE18}
		{C54DFD83-B6C3-40BC-9522-59773C0DD8EB} = {34C08804-4396-497C-A254-BC4DF672DE18}
		{102C8819-2E14-43A2-9AC8-4469D4EAE2D9} = {1A065ED8-59F8-45F3-ABC3-7B996A4DCAC2}
		{6D2E82B0-C719-44C1-96C8-022902BA9169} = {426E3D0A-BF36-4C57-A005-826E514D6BCE}
		{62109D4A-B6AB-4E6B-B417-D0FD42A6F910} = {426E3D0A-BF36-4C57-A005-826E514D6BCE}
		{4A8EE9A7-FB41-4316-8ECD-3C12BD0F4EC9} = {426E3D0A-BF36-4C57-A005-826E514D6BCE}
		{2AA62B82-20E0-457B-82FE-A463D2EC1B01} = {C54DFD83-B6C3-40BC-9522-59773C0DD8EB}
	EndGlobalSection
EndGlobal
